# generated by rye
# use `rye lock` or `rye sync` to update this lockfile
#
# last locked with the following flags:
#   pre: false
#   features: []
#   all-features: true
#   with-sources: false

-e file:.
absl-py==2.1.0
    # via chex
    # via optax
adagio==0.2.6
    # via fugue
adbc-driver-manager==1.2.0
    # via adbc-driver-sqlite
    # via polars
adbc-driver-sqlite==1.2.0
    # via polars
aiofiles==24.1.0
    # via kedro-viz
aiohappyeyeballs==2.4.0
    # via aiohttp
aiohttp==3.10.5
    # via fsspec
aiosignal==1.3.1
    # via aiohttp
    # via ray
alembic==1.13.2
    # via optuna
altair==5.4.1
    # via altair-tiles
    # via polars
    # via streamlit
    # via vegafusion
    # via vn1-sales-forecast
altair-tiles==0.3.0
    # via altair
annotated-types==0.7.0
    # via pydantic
antlr4-python3-runtime==4.9.3
    # via omegaconf
antropy==0.1.6
    # via tsfeatures
anyio==3.7.1
    # via starlette
    # via watchfiles
    # via watchgod
anywidget==0.9.13
    # via altair
appdirs==1.4.4
    # via fs
    # via kedro-telemetry
appnope==0.1.4
    # via ipykernel
arch==7.0.0
    # via tsfeatures
argcomplete==3.5.0
    # via commitizen
arrow==1.3.0
    # via cookiecutter
asttokens==2.4.1
    # via stack-data
attrs==24.2.0
    # via aiohttp
    # via jsonschema
    # via kedro
    # via referencing
babel==2.16.0
    # via great-tables
binaryornot==0.4.4
    # via cookiecutter
blinker==1.8.2
    # via streamlit
bottle==0.13.1
    # via optuna-dashboard
build==1.2.2
    # via kedro
cachetools==5.5.0
    # via kedro
    # via streamlit
certifi==2024.8.30
    # via requests
cfgv==3.4.0
    # via pre-commit
chardet==5.2.0
    # via binaryornot
charset-normalizer==3.3.2
    # via commitizen
    # via requests
chex==0.1.86
    # via optax
click==8.1.7
    # via click-default-group
    # via cookiecutter
    # via kedro
    # via mercantile
    # via pydoclint
    # via pyiceberg
    # via ray
    # via streamlit
    # via uvicorn
click-default-group==1.2.4
    # via kedro-viz
cloudpickle==3.0.0
    # via mlforecast
    # via polars
    # via statsforecast
colorama==0.4.6
    # via commitizen
colorlog==6.8.2
    # via optuna
comm==0.2.2
    # via ipykernel
    # via ipywidgets
commitizen==3.29.0
commonmark==0.9.1
    # via great-tables
connectorx==0.3.3
    # via polars
contourpy==1.3.0
    # via matplotlib
cookiecutter==2.6.0
    # via kedro
coreforecast==0.0.12
    # via mlforecast
    # via neuralforecast
    # via statsforecast
cycler==0.12.1
    # via matplotlib
debugpy==1.8.5
    # via ipykernel
decli==0.6.2
    # via commitizen
decorator==5.1.1
    # via ipython
deltalake==0.19.2
    # via polars
distlib==0.3.8
    # via virtualenv
docstring-parser-fork==0.0.9
    # via pydoclint
dynaconf==3.2.6
    # via kedro
et-xmlfile==1.1.0
    # via openpyxl
etils==1.9.4
    # via optax
executing==2.1.0
    # via stack-data
fastapi==0.114.1
    # via kedro-viz
fastexcel==0.11.6
    # via polars
filelock==3.16.0
    # via ray
    # via torch
    # via virtualenv
fonttools==4.53.1
    # via matplotlib
frozenlist==1.4.1
    # via aiohttp
    # via aiosignal
    # via ray
fs==2.4.16
    # via triad
fsspec==2024.9.0
    # via kedro
    # via kedro-viz
    # via mlforecast
    # via neuralforecast
    # via polars
    # via pyiceberg
    # via pytorch-lightning
    # via ray
    # via torch
    # via triad
fugue==0.9.1
    # via statsforecast
gevent==24.2.1
    # via polars
gitdb==4.0.11
    # via gitpython
gitpython==3.1.43
    # via kedro
    # via streamlit
graphql-core==3.2.4
    # via strawberry-graphql
great-tables==0.11.0
    # via polars
greenlet==3.1.0
    # via gevent
h11==0.14.0
    # via uvicorn
htmltools==0.5.3
    # via great-tables
httptools==0.6.1
    # via uvicorn
identify==2.6.0
    # via pre-commit
idna==3.8
    # via anyio
    # via requests
    # via yarl
importlib-metadata==8.5.0
    # via great-tables
    # via kedro
importlib-resources==6.4.5
    # via adbc-driver-sqlite
    # via great-tables
    # via kedro
iniconfig==2.0.0
    # via pytest
ipykernel==6.29.5
ipython==8.18.0
    # via ipykernel
    # via ipywidgets
    # via kedro-viz
ipywidgets==8.1.5
    # via anywidget
jax==0.4.31
    # via chex
    # via optax
    # via vn1-sales-forecast
jaxlib==0.4.31
    # via chex
    # via jax
    # via optax
jedi==0.19.1
    # via ipython
jinja2==3.1.4
    # via altair
    # via commitizen
    # via cookiecutter
    # via pydeck
    # via torch
joblib==1.4.2
    # via scikit-learn
jsonschema==4.23.0
    # via altair
    # via ray
jsonschema-specifications==2023.12.1
    # via jsonschema
jupyter-client==8.6.2
    # via ipykernel
jupyter-core==5.7.2
    # via ipykernel
    # via jupyter-client
jupyterlab-widgets==3.0.13
    # via ipywidgets
kedro==0.19.8
    # via kedro-datasets
    # via kedro-telemetry
    # via kedro-viz
    # via vn1-sales-forecast
kedro-datasets==4.1.0
    # via vn1-sales-forecast
kedro-telemetry==0.6.0
    # via kedro
kedro-viz==9.2.0
    # via vn1-sales-forecast
kiwisolver==1.4.7
    # via matplotlib
lazy-loader==0.4
    # via kedro-datasets
lightgbm==4.5.0
    # via vn1-sales-forecast
lightning-utilities==0.11.7
    # via pytorch-lightning
    # via torchmetrics
llvmlite==0.43.0
    # via numba
mako==1.3.5
    # via alembic
markdown-it-py==3.0.0
    # via rich
markupsafe==2.1.5
    # via jinja2
    # via mako
matplotlib==3.9.2
    # via polars
    # via seaborn
matplotlib-inline==0.1.7
    # via ipykernel
    # via ipython
mdurl==0.1.2
    # via markdown-it-py
mercantile==1.2.1
    # via altair-tiles
ml-dtypes==0.4.0
    # via jax
    # via jaxlib
mlforecast==0.13.4
    # via vn1-sales-forecast
mmh3==4.1.0
    # via pyiceberg
more-itertools==10.5.0
    # via kedro
mpmath==1.3.0
    # via sympy
msgpack==1.1.0
    # via ray
multidict==6.1.0
    # via aiohttp
    # via yarl
narwhals==1.7.0
    # via altair
nest-asyncio==1.6.0
    # via ipykernel
    # via polars
networkx==3.3
    # via kedro-viz
    # via torch
neuralforecast==1.7.4
    # via vn1-sales-forecast
nodeenv==1.9.1
    # via pre-commit
    # via pyright
numba==0.60.0
    # via antropy
    # via mlforecast
    # via statsforecast
    # via window-ops
numpy==2.0.2
    # via altair
    # via antropy
    # via arch
    # via chex
    # via contourpy
    # via coreforecast
    # via great-tables
    # via jax
    # via jaxlib
    # via lightgbm
    # via matplotlib
    # via ml-dtypes
    # via neuralforecast
    # via numba
    # via opt-einsum
    # via optax
    # via optuna
    # via pandas
    # via patsy
    # via polars
    # via pyarrow
    # via pydeck
    # via scikit-learn
    # via scipy
    # via seaborn
    # via statsforecast
    # via statsmodels
    # via stochastic
    # via streamlit
    # via tensorboardx
    # via torchmetrics
    # via triad
    # via utilsforecast
    # via vn1-sales-forecast
    # via window-ops
    # via xgboost
omegaconf==2.3.0
    # via kedro
openpyxl==3.1.5
    # via polars
opt-einsum==3.3.0
    # via jax
optax==0.2.3
    # via vn1-sales-forecast
optuna==4.0.0
    # via mlforecast
    # via neuralforecast
    # via optuna-dashboard
    # via vn1-sales-forecast
optuna-dashboard==0.16.2
    # via vn1-sales-forecast
orjson==3.10.7
    # via kedro-viz
packaging==24.1
    # via altair
    # via build
    # via commitizen
    # via htmltools
    # via ipykernel
    # via kedro-viz
    # via lazy-loader
    # via lightning-utilities
    # via matplotlib
    # via mlforecast
    # via optuna
    # via optuna-dashboard
    # via plotly
    # via pytest
    # via pytoolconfig
    # via pytorch-lightning
    # via ray
    # via statsmodels
    # via streamlit
    # via tensorboardx
    # via torchmetrics
    # via utilsforecast
pandas==2.2.2
    # via adbc-driver-manager
    # via adbc-driver-sqlite
    # via altair
    # via arch
    # via kedro-viz
    # via mlforecast
    # via neuralforecast
    # via polars
    # via ray
    # via seaborn
    # via statsforecast
    # via statsmodels
    # via streamlit
    # via triad
    # via tsfeatures
    # via utilsforecast
    # via vega-datasets
    # via vegafusion
    # via vn1-sales-forecast
parse==1.20.2
    # via kedro
parso==0.8.4
    # via jedi
patsy==0.5.6
    # via statsmodels
pexpect==4.9.0
    # via ipython
pillow==10.4.0
    # via matplotlib
    # via streamlit
platformdirs==4.3.2
    # via jupyter-core
    # via pytoolconfig
    # via virtualenv
plotly==5.24.1
    # via kedro-viz
pluggy==1.5.0
    # via kedro
    # via pytest
polars==1.7.1
    # via vn1-sales-forecast
pre-commit==3.8.0
pre-commit-hooks==4.6.0
    # via kedro
prompt-toolkit==3.0.36
    # via ipython
    # via questionary
protobuf==5.28.1
    # via ray
    # via streamlit
    # via tensorboardx
    # via vegafusion
psutil==6.0.0
    # via ipykernel
    # via vegafusion
psygnal==0.11.1
    # via anywidget
ptyprocess==0.7.0
    # via pexpect
pure-eval==0.2.3
    # via stack-data
pyarrow==17.0.0
    # via adbc-driver-manager
    # via adbc-driver-sqlite
    # via altair
    # via deltalake
    # via fastexcel
    # via polars
    # via ray
    # via streamlit
    # via triad
    # via vegafusion
pydantic==2.9.1
    # via fastapi
    # via kedro-viz
    # via polars
    # via pyiceberg
pydantic-core==2.23.3
    # via pydantic
pydeck==0.9.1
    # via streamlit
pydoclint==0.5.7
pygments==2.18.0
    # via ipython
    # via rich
pyiceberg==0.7.1
    # via polars
pyparsing==3.1.4
    # via matplotlib
    # via pyiceberg
pyproject-hooks==1.1.0
    # via build
pyright==1.1.380
pytest==8.3.3
python-dateutil==2.9.0.post0
    # via arrow
    # via jupyter-client
    # via matplotlib
    # via pandas
    # via strawberry-graphql
    # via strictyaml
python-dotenv==1.0.1
    # via uvicorn
python-slugify==8.0.4
    # via cookiecutter
pytoolconfig==1.3.1
    # via rope
pytorch-lightning==2.4.0
    # via neuralforecast
pytz==2024.2
    # via pandas
pyyaml==6.0.2
    # via commitizen
    # via cookiecutter
    # via kedro
    # via omegaconf
    # via optuna
    # via pre-commit
    # via pytorch-lightning
    # via ray
    # via uvicorn
pyzmq==26.2.0
    # via ipykernel
    # via jupyter-client
questionary==2.0.1
    # via commitizen
ray==2.35.0
    # via neuralforecast
referencing==0.35.1
    # via jsonschema
    # via jsonschema-specifications
requests==2.32.3
    # via cookiecutter
    # via kedro-telemetry
    # via pyiceberg
    # via ray
    # via streamlit
rich==13.8.1
    # via cookiecutter
    # via kedro
    # via pyiceberg
    # via streamlit
rope==1.13.0
    # via kedro
rpds-py==0.20.0
    # via jsonschema
    # via referencing
ruamel-yaml==0.18.6
    # via pre-commit-hooks
ruamel-yaml-clib==0.2.8
    # via ruamel-yaml
ruff==0.6.4
scikit-learn==1.5.2
    # via antropy
    # via mlforecast
    # via optuna-dashboard
    # via tsfeatures
    # via vn1-sales-forecast
scipy==1.14.1
    # via antropy
    # via arch
    # via jax
    # via jaxlib
    # via lightgbm
    # via scikit-learn
    # via statsforecast
    # via statsmodels
    # via stochastic
    # via xgboost
seaborn==0.13.2
    # via vn1-sales-forecast
secure==0.3.0
    # via kedro-viz
setuptools==74.1.2
    # via fs
    # via lightning-utilities
    # via zope-event
    # via zope-interface
six==1.16.0
    # via asttokens
    # via fs
    # via patsy
    # via python-dateutil
    # via triad
smmap==5.0.1
    # via gitdb
sniffio==1.3.1
    # via anyio
sortedcontainers==2.4.0
    # via pyiceberg
sqlalchemy==2.0.34
    # via alembic
    # via kedro-viz
    # via optuna
    # via polars
stack-data==0.6.3
    # via ipython
starlette==0.38.5
    # via fastapi
statsforecast==1.7.7
    # via vn1-sales-forecast
statsmodels==0.14.2
    # via arch
    # via statsforecast
    # via tsfeatures
stochastic==0.4.0
    # via antropy
strawberry-graphql==0.240.3
    # via kedro-viz
streamlit==1.38.0
    # via vn1-sales-forecast
strictyaml==1.7.3
    # via pyiceberg
supersmoother==0.4
    # via tsfeatures
sympy==1.13.2
    # via torch
tenacity==8.5.0
    # via plotly
    # via pyiceberg
    # via streamlit
tensorboardx==2.6.2.2
    # via ray
termcolor==2.4.0
    # via commitizen
text-unidecode==1.3
    # via python-slugify
threadpoolctl==3.5.0
    # via scikit-learn
    # via statsforecast
toml==0.10.2
    # via kedro
    # via streamlit
tomlkit==0.13.2
    # via commitizen
toolz==0.12.1
    # via chex
torch==2.4.1
    # via neuralforecast
    # via pytorch-lightning
    # via torchmetrics
torchmetrics==1.4.1
    # via pytorch-lightning
tornado==6.4.1
    # via ipykernel
    # via jupyter-client
    # via streamlit
tqdm==4.66.5
    # via optuna
    # via pytorch-lightning
    # via statsforecast
    # via vn1-sales-forecast
traitlets==5.14.3
    # via comm
    # via ipykernel
    # via ipython
    # via ipywidgets
    # via jupyter-client
    # via jupyter-core
    # via matplotlib-inline
triad==0.9.8
    # via adagio
    # via fugue
tsfeatures==0.4.5
    # via vn1-sales-forecast
types-python-dateutil==2.9.0.20240906
    # via arrow
typing-extensions==4.12.2
    # via adbc-driver-manager
    # via alembic
    # via altair
    # via anywidget
    # via chex
    # via etils
    # via fastapi
    # via great-tables
    # via htmltools
    # via kedro
    # via lightning-utilities
    # via pydantic
    # via pydantic-core
    # via pytorch-lightning
    # via sqlalchemy
    # via strawberry-graphql
    # via streamlit
    # via torch
tzdata==2024.1
    # via pandas
urllib3==2.2.3
    # via requests
utilsforecast==0.2.4
    # via mlforecast
    # via neuralforecast
    # via statsforecast
uvicorn==0.30.6
    # via kedro-viz
uvloop==0.20.0
    # via uvicorn
vega-datasets==0.9.0
    # via altair
vegafusion==1.6.9
    # via altair
vegafusion-python-embed==1.6.9
    # via vegafusion
virtualenv==20.26.4
    # via pre-commit
vl-convert-python==1.6.1
    # via altair
    # via vegafusion
watchdog==5.0.2
    # via vn1-sales-forecast
watchfiles==0.24.0
    # via uvicorn
watchgod==0.8.2
    # via kedro-viz
wcwidth==0.2.13
    # via prompt-toolkit
websockets==13.0.1
    # via uvicorn
widgetsnbextension==4.0.13
    # via ipywidgets
window-ops==0.0.15
    # via mlforecast
xgboost==2.1.1
    # via vn1-sales-forecast
xlsx2csv==0.8.3
    # via polars
xlsxwriter==3.2.0
    # via polars
xyzservices==2024.9.0
    # via altair-tiles
yarl==1.11.1
    # via aiohttp
zipp==3.20.1
    # via importlib-metadata
zope-event==5.0
    # via gevent
zope-interface==7.0.3
    # via gevent
